
Microsoft Visual Studio Solution File, Format Version 12.00
Project("{FAE04EC0-301F-11D3-BF4B-00C04F79EFBC}") = "Kd_tree2", "Kd_tree2\Kd_tree2.csproj", "{501371CF-491C-4DF0-B363-1FDC18120756}"
EndProject
Global
	GlobalSection(SolutionConfigurationPlatforms) = preSolution
		Debug|Any CPU = Debug|Any CPU
		Release|Any CPU = Release|Any CPU
	EndGlobalSection
	GlobalSection(ProjectConfigurationPlatforms) = postSolution
		{501371CF-491C-4DF0-B363-1FDC18120756}.Debug|Any CPU.ActiveCfg = Debug|Any CPU
		{501371CF-491C-4DF0-B363-1FDC18120756}.Debug|Any CPU.Build.0 = Debug|Any CPU
		{501371CF-491C-4DF0-B363-1FDC18120756}.Release|Any CPU.ActiveCfg = Release|Any CPU
		{501371CF-491C-4DF0-B363-1FDC18120756}.Release|Any CPU.Build.0 = Release|Any CPU
	EndGlobalSection
EndGlobal
